
Microsoft Visual Studio Solution File, Format Version 12.00
# Visual Studio Version 17
VisualStudioVersion = 17.6.33723.286
MinimumVisualStudioVersion = 10.0.40219.1
Project("{FAE04EC0-301F-11D3-BF4B-00C04F79EFBC}") = "AspNetCoreMvc_CodeFirst_Migrations", "AspNetCoreMvc_CodeFirst_Migrations.csproj", "{01E5384F-6807-47F9-A871-3FC6472317AA}"
EndProject
Global
	GlobalSection(SolutionConfigurationPlatforms) = preSolution
		Debug|Any CPU = Debug|Any CPU
		Release|Any CPU = Release|Any CPU
	EndGlobalSection
	GlobalSection(ProjectConfigurationPlatforms) = postSolution
		{01E5384F-6807-47F9-A871-3FC6472317AA}.Debug|Any CPU.ActiveCfg = Debug|Any CPU
		{01E5384F-6807-47F9-A871-3FC6472317AA}.Debug|Any CPU.Build.0 = Debug|Any CPU
		{01E5384F-6807-47F9-A871-3FC6472317AA}.Release|Any CPU.ActiveCfg = Release|Any CPU
		{01E5384F-6807-47F9-A871-3FC6472317AA}.Release|Any CPU.Build.0 = Release|Any CPU
	EndGlobalSection
	GlobalSection(SolutionProperties) = preSolution
		HideSolutionNode = FALSE
	EndGlobalSection
	GlobalSection(ExtensibilityGlobals) = postSolution
		SolutionGuid = {26742555-F3A6-4C32-AD9B-07A9A8DA1C3C}
	EndGlobalSection
EndGlobal
