
Microsoft Visual Studio Solution File, Format Version 12.00
# Visual Studio Version 17
VisualStudioVersion = 17.6.33723.286
MinimumVisualStudioVersion = 10.0.40219.1
Project("{9A19103F-16F7-4668-BE54-9A1E7A4F7556}") = "AspNetCore-API-Jwt-Bearer", "AspNetCore-API-Jwt-Bearer.csproj", "{BCB35AAD-42FD-43F4-A808-BFF898A7483D}"
EndProject
Project("{FAE04EC0-301F-11D3-BF4B-00C04F79EFBC}") = "AspNetCore-Mvc-Jwt-Bearer", "..\AspNetCore-Mvc-Jwt-Bearer\AspNetCore-Mvc-Jwt-Bearer.csproj", "{724A51DF-CEA4-4A89-A402-E598BDEC8007}"
EndProject
Global
	GlobalSection(SolutionConfigurationPlatforms) = preSolution
		Debug|Any CPU = Debug|Any CPU
		Release|Any CPU = Release|Any CPU
	EndGlobalSection
	GlobalSection(ProjectConfigurationPlatforms) = postSolution
		{BCB35AAD-42FD-43F4-A808-BFF898A7483D}.Debug|Any CPU.ActiveCfg = Debug|Any CPU
		{BCB35AAD-42FD-43F4-A808-BFF898A7483D}.Debug|Any CPU.Build.0 = Debug|Any CPU
		{BCB35AAD-42FD-43F4-A808-BFF898A7483D}.Release|Any CPU.ActiveCfg = Release|Any CPU
		{BCB35AAD-42FD-43F4-A808-BFF898A7483D}.Release|Any CPU.Build.0 = Release|Any CPU
		{724A51DF-CEA4-4A89-A402-E598BDEC8007}.Debug|Any CPU.ActiveCfg = Debug|Any CPU
		{724A51DF-CEA4-4A89-A402-E598BDEC8007}.Debug|Any CPU.Build.0 = Debug|Any CPU
		{724A51DF-CEA4-4A89-A402-E598BDEC8007}.Release|Any CPU.ActiveCfg = Release|Any CPU
		{724A51DF-CEA4-4A89-A402-E598BDEC8007}.Release|Any CPU.Build.0 = Release|Any CPU
	EndGlobalSection
	GlobalSection(SolutionProperties) = preSolution
		HideSolutionNode = FALSE
	EndGlobalSection
	GlobalSection(ExtensibilityGlobals) = postSolution
		SolutionGuid = {C8791188-649A-48C5-B733-3B64A530E080}
	EndGlobalSection
EndGlobal
