
Microsoft Visual Studio Solution File, Format Version 12.00
# Visual Studio Version 17
VisualStudioVersion = 17.6.33723.286
MinimumVisualStudioVersion = 10.0.40219.1
Project("{FAE04EC0-301F-11D3-BF4B-00C04F79EFBC}") = "NetCoreIdentity_Auth", "NetCoreIdentity_Auth.csproj", "{69AE8085-D8F2-4AE7-8A58-60BA792BF416}"
EndProject
Global
	GlobalSection(SolutionConfigurationPlatforms) = preSolution
		Debug|Any CPU = Debug|Any CPU
		Release|Any CPU = Release|Any CPU
	EndGlobalSection
	GlobalSection(ProjectConfigurationPlatforms) = postSolution
		{69AE8085-D8F2-4AE7-8A58-60BA792BF416}.Debug|Any CPU.ActiveCfg = Debug|Any CPU
		{69AE8085-D8F2-4AE7-8A58-60BA792BF416}.Debug|Any CPU.Build.0 = Debug|Any CPU
		{69AE8085-D8F2-4AE7-8A58-60BA792BF416}.Release|Any CPU.ActiveCfg = Release|Any CPU
		{69AE8085-D8F2-4AE7-8A58-60BA792BF416}.Release|Any CPU.Build.0 = Release|Any CPU
	EndGlobalSection
	GlobalSection(SolutionProperties) = preSolution
		HideSolutionNode = FALSE
	EndGlobalSection
	GlobalSection(ExtensibilityGlobals) = postSolution
		SolutionGuid = {37EF7C8E-9B0A-4485-A976-11C1EE0CE3BD}
	EndGlobalSection
EndGlobal
